
Microsoft Visual Studio Solution File, Format Version 12.00
# Visual Studio 15
VisualStudioVersion = 15.0.27428.2043
MinimumVisualStudioVersion = 10.0.40219.1
Project("{9092AA53-FB77-4645-B42D-1CCCA6BD08BD}") = "NodejsWebApp1", "NodejsWebApp1\NodejsWebApp1.njsproj", "{03D0D5E6-D96F-453D-A6E4-64041B5C74C1}"
EndProject
Global
	GlobalSection(SolutionConfigurationPlatforms) = preSolution
		Debug|Any CPU = Debug|Any CPU
		Release|Any CPU = Release|Any CPU
	EndGlobalSection
	GlobalSection(ProjectConfigurationPlatforms) = postSolution
		{03D0D5E6-D96F-453D-A6E4-64041B5C74C1}.Debug|Any CPU.ActiveCfg = Debug|Any CPU
		{03D0D5E6-D96F-453D-A6E4-64041B5C74C1}.Debug|Any CPU.Build.0 = Debug|Any CPU
		{03D0D5E6-D96F-453D-A6E4-64041B5C74C1}.Release|Any CPU.ActiveCfg = Release|Any CPU
		{03D0D5E6-D96F-453D-A6E4-64041B5C74C1}.Release|Any CPU.Build.0 = Release|Any CPU
	EndGlobalSection
	GlobalSection(SolutionProperties) = preSolution
		HideSolutionNode = FALSE
	EndGlobalSection
	GlobalSection(ExtensibilityGlobals) = postSolution
		SolutionGuid = {3A2E80D9-9C41-411A-B2AE-02A4BAF348FB}
	EndGlobalSection
EndGlobal
